// !$*UTF8*$!
{
	archiveVersion = 1;
	classes = {
	};
	objectVersion = 50;
	objects = {

/* Begin PBXBuildFile section */
		80D254C12293FC4600BE49AA /* main.cpp in Sources */ = {isa = PBXBuildFile; fileRef = 80D254C02293FC4600BE49AA /* main.cpp */; };
		80D254C92293FC5400BE49AA /* GLUT.framework in Frameworks */ = {isa = PBXBuildFile; fileRef = 80D254C82293FC5400BE49AA /* GLUT.framework */; };
		80D254CB2293FC5B00BE49AA /* OpenGL.framework in Frameworks */ = {isa = PBXBuildFile; fileRef = 80D254CA2293FC5B00BE49AA /* OpenGL.framework */; };
		80D254D02293FCD000BE49AA /* libglfw.3.3.dylib in Frameworks */ = {isa = PBXBuildFile; fileRef = 80D254CF2293FCD000BE49AA /* libglfw.3.3.dylib */; };
		80D254D52293FE0D00BE49AA /* glad.c in Sources */ = {isa = PBXBuildFile; fileRef = 80D254D32293FE0D00BE49AA /* glad.c */; };
/* End PBXBuildFile section */

/* Begin PBXCopyFilesBuildPhase section */
		80D254BB2293FC4600BE49AA /* CopyFiles */ = {
			isa = PBXCopyFilesBuildPhase;
			buildActionMask = 2147483647;
			dstPath = /usr/share/man/man1/;
			dstSubfolderSpec = 0;
			files = (
			);
			runOnlyForDeploymentPostprocessing = 1;
		};
/* End PBXCopyFilesBuildPhase section */

/* Begin PBXFileReference section */
		80D254BD2293FC4600BE49AA /* OpenGL_Core */ = {isa = PBXFileReference; explicitFileType = "compiled.mach-o.executable"; includeInIndex = 0; path = OpenGL_Core; sourceTree = BUILT_PRODUCTS_DIR; };
		80D254C02293FC4600BE49AA /* main.cpp */ = {isa = PBXFileReference; lastKnownFileType = sourcecode.cpp.cpp; path = main.cpp; sourceTree = "<group>"; };
		80D254C82293FC5400BE49AA /* GLUT.framework */ = {isa = PBXFileReference; lastKnownFileType = wrapper.framework; name = GLUT.framework; path = System/Library/Frameworks/GLUT.framework; sourceTree = SDKROOT; };
		80D254CA2293FC5B00BE49AA /* OpenGL.framework */ = {isa = PBXFileReference; lastKnownFileType = wrapper.framework; name = OpenGL.framework; path = System/Library/Frameworks/OpenGL.framework; sourceTree = SDKROOT; };
		80D254CD2293FCAC00BE49AA /* glfw3.h */ = {isa = PBXFileReference; lastKnownFileType = sourcecode.c.h; path = glfw3.h; sourceTree = "<group>"; };
		80D254CF2293FCD000BE49AA /* libglfw.3.3.dylib */ = {isa = PBXFileReference; lastKnownFileType = "compiled.mach-o.dylib"; path = libglfw.3.3.dylib; sourceTree = "<group>"; };
		80D254D22293FE0D00BE49AA /* glad.h */ = {isa = PBXFileReference; fileEncoding = 4; lastKnownFileType = sourcecode.c.h; path = glad.h; sourceTree = "<group>"; };
		80D254D32293FE0D00BE49AA /* glad.c */ = {isa = PBXFileReference; fileEncoding = 4; lastKnownFileType = sourcecode.c.c; path = glad.c; sourceTree = "<group>"; };
		80D254D42293FE0D00BE49AA /* khrplatform.h */ = {isa = PBXFileReference; fileEncoding = 4; lastKnownFileType = sourcecode.c.h; path = khrplatform.h; sourceTree = "<group>"; };
/* End PBXFileReference section */

/* Begin PBXFrameworksBuildPhase section */
		80D254BA2293FC4600BE49AA /* Frameworks */ = {
			isa = PBXFrameworksBuildPhase;
			buildActionMask = 2147483647;
			files = (
				80D254D02293FCD000BE49AA /* libglfw.3.3.dylib in Frameworks */,
				80D254CB2293FC5B00BE49AA /* OpenGL.framework in Frameworks */,
				80D254C92293FC5400BE49AA /* GLUT.framework in Frameworks */,
			);
			runOnlyForDeploymentPostprocessing = 0;
		};
/* End PBXFrameworksBuildPhase section */

/* Begin PBXGroup section */
		80D254B42293FC4600BE49AA = {
			isa = PBXGroup;
			children = (
				80D254D12293FE0D00BE49AA /* glad */,
				80D254CC2293FCAC00BE49AA /* GLFW */,
				80D254BF2293FC4600BE49AA /* OpenGL_Core */,
				80D254BE2293FC4600BE49AA /* Products */,
				80D254C72293FC5400BE49AA /* Frameworks */,
			);
			sourceTree = "<group>";
		};
		80D254BE2293FC4600BE49AA /* Products */ = {
			isa = PBXGroup;
			children = (
				80D254BD2293FC4600BE49AA /* OpenGL_Core */,
			);
			name = Products;
			sourceTree = "<group>";
		};
		80D254BF2293FC4600BE49AA /* OpenGL_Core */ = {
			isa = PBXGroup;
			children = (
				80D254C02293FC4600BE49AA /* main.cpp */,
			);
			path = OpenGL_Core;
			sourceTree = "<group>";
		};
		80D254C72293FC5400BE49AA /* Frameworks */ = {
			isa = PBXGroup;
			children = (
				80D254CA2293FC5B00BE49AA /* OpenGL.framework */,
				80D254C82293FC5400BE49AA /* GLUT.framework */,
			);
			name = Frameworks;
			sourceTree = "<group>";
		};
		80D254CC2293FCAC00BE49AA /* GLFW */ = {
			isa = PBXGroup;
			children = (
				80D254CF2293FCD000BE49AA /* libglfw.3.3.dylib */,
				80D254CD2293FCAC00BE49AA /* glfw3.h */,
			);
			path = GLFW;
			sourceTree = "<group>";
		};
		80D254D12293FE0D00BE49AA /* glad */ = {
			isa = PBXGroup;
			children = (
				80D254D22293FE0D00BE49AA /* glad.h */,
				80D254D32293FE0D00BE49AA /* glad.c */,
				80D254D42293FE0D00BE49AA /* khrplatform.h */,
			);
			path = glad;
			sourceTree = "<group>";
		};
/* End PBXGroup section */

/* Begin PBXNativeTarget section */
		80D254BC2293FC4600BE49AA /* OpenGL_Core */ = {
			isa = PBXNativeTarget;
			buildConfigurationList = 80D254C42293FC4600BE49AA /* Build configuration list for PBXNativeTarget "OpenGL_Core" */;
			buildPhases = (
				80D254B92293FC4600BE49AA /* Sources */,
				80D254BA2293FC4600BE49AA /* Frameworks */,
				80D254BB2293FC4600BE49AA /* CopyFiles */,
			);
			buildRules = (
			);
			dependencies = (
			);
			name = OpenGL_Core;
			productName = OpenGL_Core;
			productReference = 80D254BD2293FC4600BE49AA /* OpenGL_Core */;
			productType = "com.apple.product-type.tool";
		};
/* End PBXNativeTarget section */

/* Begin PBXProject section */
		80D254B52293FC4600BE49AA /* Project object */ = {
			isa = PBXProject;
			attributes = {
				LastUpgradeCheck = 1020;
				ORGANIZATIONNAME = Sharon;
				TargetAttributes = {
					80D254BC2293FC4600BE49AA = {
						CreatedOnToolsVersion = 10.2.1;
					};
				};
			};
			buildConfigurationList = 80D254B82293FC4600BE49AA /* Build configuration list for PBXProject "OpenGL_Core" */;
			compatibilityVersion = "Xcode 9.3";
			developmentRegion = en;
			hasScannedForEncodings = 0;
			knownRegions = (
				en,
			);
			mainGroup = 80D254B42293FC4600BE49AA;
			productRefGroup = 80D254BE2293FC4600BE49AA /* Products */;
			projectDirPath = "";
			projectRoot = "";
			targets = (
				80D254BC2293FC4600BE49AA /* OpenGL_Core */,
			);
		};
/* End PBXProject section */

/* Begin PBXSourcesBuildPhase section */
		80D254B92293FC4600BE49AA /* Sources */ = {
			isa = PBXSourcesBuildPhase;
			buildActionMask = 2147483647;
			files = (
				80D254C12293FC4600BE49AA /* main.cpp in Sources */,
				80D254D52293FE0D00BE49AA /* glad.c in Sources */,
			);
			runOnlyForDeploymentPostprocessing = 0;
		};
/* End PBXSourcesBuildPhase section */

/* Begin XCBuildConfiguration section */
		80D254C22293FC4600BE49AA /* Debug */ = {
			isa = XCBuildConfiguration;
			buildSettings = {
				ALWAYS_SEARCH_USER_PATHS = NO;
				CLANG_ANALYZER_NONNULL = YES;
				CLANG_ANALYZER_NUMBER_OBJECT_CONVERSION = YES_AGGRESSIVE;
				CLANG_CXX_LANGUAGE_STANDARD = "gnu++14";
				CLANG_CXX_LIBRARY = "libc++";
				CLANG_ENABLE_MODULES = YES;
				CLANG_ENABLE_OBJC_ARC = YES;
				CLANG_ENABLE_OBJC_WEAK = YES;
				CLANG_WARN_BLOCK_CAPTURE_AUTORELEASING = YES;
				CLANG_WARN_BOOL_CONVERSION = YES;
				CLANG_WARN_COMMA = YES;
				CLANG_WARN_CONSTANT_CONVERSION = YES;
				CLANG_WARN_DEPRECATED_OBJC_IMPLEMENTATIONS = YES;
				CLANG_WARN_DIRECT_OBJC_ISA_USAGE = YES_ERROR;
				CLANG_WARN_DOCUMENTATION_COMMENTS = YES;
				CLANG_WARN_EMPTY_BODY = YES;
				CLANG_WARN_ENUM_CONVERSION = YES;
				CLANG_WARN_INFINITE_RECURSION = YES;
				CLANG_WARN_INT_CONVERSION = YES;
				CLANG_WARN_NON_LITERAL_NULL_CONVERSION = YES;
				CLANG_WARN_OBJC_IMPLICIT_RETAIN_SELF = YES;
				CLANG_WARN_OBJC_LITERAL_CONVERSION = YES;
				CLANG_WARN_OBJC_ROOT_CLASS = YES_ERROR;
				CLANG_WARN_RANGE_LOOP_ANALYSIS = YES;
				CLANG_WARN_STRICT_PROTOTYPES = YES;
				CLANG_WARN_SUSPICIOUS_MOVE = YES;
				CLANG_WARN_UNGUARDED_AVAILABILITY = YES_AGGRESSIVE;
				CLANG_WARN_UNREACHABLE_CODE = YES;
				CLANG_WARN__DUPLICATE_METHOD_MATCH = YES;
				CODE_SIGN_IDENTITY = "Mac Developer";
				COPY_PHASE_STRIP = NO;
				DEBUG_INFORMATION_FORMAT = dwarf;
				ENABLE_STRICT_OBJC_MSGSEND = YES;
				ENABLE_TESTABILITY = YES;
				GCC_C_LANGUAGE_STANDARD = gnu11;
				GCC_DYNAMIC_NO_PIC = NO;
				GCC_NO_COMMON_BLOCKS = YES;
				GCC_OPTIMIZATION_LEVEL = 0;
				GCC_PREPROCESSOR_DEFINITIONS = (
					"DEBUG=1",
					"$(inherited)",
				);
				GCC_WARN_64_TO_32_BIT_CONVERSION = YES;
				GCC_WARN_ABOUT_RETURN_TYPE = YES_ERROR;
				GCC_WARN_UNDECLARED_SELECTOR = YES;
				GCC_WARN_UNINITIALIZED_AUTOS = YES_AGGRESSIVE;
				GCC_WARN_UNUSED_FUNCTION = YES;
				GCC_WARN_UNUSED_VARIABLE = YES;
				MACOSX_DEPLOYMENT_TARGET = 10.14;
				MTL_ENABLE_DEBUG_INFO = INCLUDE_SOURCE;
				MTL_FAST_MATH = YES;
				ONLY_ACTIVE_ARCH = YES;
				SDKROOT = macosx;
			};
			name = Debug;
		};
		80D254C32293FC4600BE49AA /* Release */ = {
			isa = XCBuildConfiguration;
			buildSettings = {
				ALWAYS_SEARCH_USER_PATHS = NO;
				CLANG_ANALYZER_NONNULL = YES;
				CLANG_ANALYZER_NUMBER_OBJECT_CONVERSION = YES_AGGRESSIVE;
				CLANG_CXX_LANGUAGE_STANDARD = "gnu++14";
				CLANG_CXX_LIBRARY = "libc++";
				CLANG_ENABLE_MODULES = YES;
				CLANG_ENABLE_OBJC_ARC = YES;
				CLANG_ENABLE_OBJC_WEAK = YES;
				CLANG_WARN_BLOCK_CAPTURE_AUTORELEASING = YES;
				CLANG_WARN_BOOL_CONVERSION = YES;
				CLANG_WARN_COMMA = YES;
				CLANG_WARN_CONSTANT_CONVERSION = YES;
				CLANG_WARN_DEPRECATED_OBJC_IMPLEMENTATIONS = YES;
				CLANG_WARN_DIRECT_OBJC_ISA_USAGE = YES_ERROR;
				CLANG_WARN_DOCUMENTATION_COMMENTS = YES;
				CLANG_WARN_EMPTY_BODY = YES;
				CLANG_WARN_ENUM_CONVERSION = YES;
				CLANG_WARN_INFINITE_RECURSION = YES;
				CLANG_WARN_INT_CONVERSION = YES;
				CLANG_WARN_NON_LITERAL_NULL_CONVERSION = YES;
				CLANG_WARN_OBJC_IMPLICIT_RETAIN_SELF = YES;
				CLANG_WARN_OBJC_LITERAL_CONVERSION = YES;
				CLANG_WARN_OBJC_ROOT_CLASS = YES_ERROR;
				CLANG_WARN_RANGE_LOOP_ANALYSIS = YES;
				CLANG_WARN_STRICT_PROTOTYPES = YES;
				CLANG_WARN_SUSPICIOUS_MOVE = YES;
				CLANG_WARN_UNGUARDED_AVAILABILITY = YES_AGGRESSIVE;
				CLANG_WARN_UNREACHABLE_CODE = YES;
				CLANG_WARN__DUPLICATE_METHOD_MATCH = YES;
				CODE_SIGN_IDENTITY = "Mac Developer";
				COPY_PHASE_STRIP = NO;
				DEBUG_INFORMATION_FORMAT = "dwarf-with-dsym";
				ENABLE_NS_ASSERTIONS = NO;
				ENABLE_STRICT_OBJC_MSGSEND = YES;
				GCC_C_LANGUAGE_STANDARD = gnu11;
				GCC_NO_COMMON_BLOCKS = YES;
				GCC_WARN_64_TO_32_BIT_CONVERSION = YES;
				GCC_WARN_ABOUT_RETURN_TYPE = YES_ERROR;
				GCC_WARN_UNDECLARED_SELECTOR = YES;
				GCC_WARN_UNINITIALIZED_AUTOS = YES_AGGRESSIVE;
				GCC_WARN_UNUSED_FUNCTION = YES;
				GCC_WARN_UNUSED_VARIABLE = YES;
				MACOSX_DEPLOYMENT_TARGET = 10.14;
				MTL_ENABLE_DEBUG_INFO = NO;
				MTL_FAST_MATH = YES;
				SDKROOT = macosx;
			};
			name = Release;
		};
		80D254C52293FC4600BE49AA /* Debug */ = {
			isa = XCBuildConfiguration;
			buildSettings = {
				CODE_SIGN_STYLE = Automatic;
				DEVELOPMENT_TEAM = 54XNFN892X;
				FRAMEWORK_SEARCH_PATHS = "";
				HEADER_SEARCH_PATHS = (
					"\"$(SRCROOT)/GLFW\"",
					"\"$(SRCROOT)/glad\"",
				);
				LIBRARY_SEARCH_PATHS = (
					"$(inherited)",
					"\"$(SRCROOT)/GLFW\"",
				);
				PRODUCT_NAME = "$(TARGET_NAME)";
			};
			name = Debug;
		};
		80D254C62293FC4600BE49AA /* Release */ = {
			isa = XCBuildConfiguration;
			buildSettings = {
				CODE_SIGN_STYLE = Automatic;
				DEVELOPMENT_TEAM = 54XNFN892X;
				FRAMEWORK_SEARCH_PATHS = "";
				HEADER_SEARCH_PATHS = (
					"\"$(SRCROOT)/GLFW\"",
					"\"$(SRCROOT)/glad\"",
				);
				LIBRARY_SEARCH_PATHS = (
					"$(inherited)",
					"\"$(SRCROOT)/GLFW\"",
				);
				PRODUCT_NAME = "$(TARGET_NAME)";
			};
			name = Release;
		};
/* End XCBuildConfiguration section */

/* Begin XCConfigurationList section */
		80D254B82293FC4600BE49AA /* Build configuration list for PBXProject "OpenGL_Core" */ = {
			isa = XCConfigurationList;
			buildConfigurations = (
				80D254C22293FC4600BE49AA /* Debug */,
				80D254C32293FC4600BE49AA /* Release */,
			);
			defaultConfigurationIsVisible = 0;
			defaultConfigurationName = Release;
		};
		80D254C42293FC4600BE49AA /* Build configuration list for PBXNativeTarget "OpenGL_Core" */ = {
			isa = XCConfigurationList;
			buildConfigurations = (
				80D254C52293FC4600BE49AA /* Debug */,
				80D254C62293FC4600BE49AA /* Release */,
			);
			defaultConfigurationIsVisible = 0;
			defaultConfigurationName = Release;
		};
/* End XCConfigurationList section */
	};
	rootObject = 80D254B52293FC4600BE49AA /* Project object */;
}
